
Microsoft Visual Studio Solution File, Format Version 12.00
# Visual Studio Version 17
VisualStudioVersion = 17.4.33122.133
MinimumVisualStudioVersion = 10.0.40219.1
Project("{F2A71F9B-5D33-465A-A702-920D77279786}") = "OutlineAlgorithm", "OutlineAlgorithm\OutlineAlgorithm.fsproj", "{6829D513-F5A2-4DD2-AF53-E83329B0EB3A}"
EndProject
Project("{FAE04EC0-301F-11D3-BF4B-00C04F79EFBC}") = "CSharp.Example", "CSharp.Example\CSharp.Example.csproj", "{FE594C8B-1903-4643-9447-6A52F44DB149}"
EndProject
Project("{F2A71F9B-5D33-465A-A702-920D77279786}") = "FSharp.Example", "FSharp.Example\FSharp.Example.fsproj", "{09C322B5-CCD1-4574-8ADB-1B81FE597BBC}"
EndProject
Global
	GlobalSection(SolutionConfigurationPlatforms) = preSolution
		Debug|Any CPU = Debug|Any CPU
		Release|Any CPU = Release|Any CPU
	EndGlobalSection
	GlobalSection(ProjectConfigurationPlatforms) = postSolution
		{6829D513-F5A2-4DD2-AF53-E83329B0EB3A}.Debug|Any CPU.ActiveCfg = Debug|Any CPU
		{6829D513-F5A2-4DD2-AF53-E83329B0EB3A}.Debug|Any CPU.Build.0 = Debug|Any CPU
		{6829D513-F5A2-4DD2-AF53-E83329B0EB3A}.Release|Any CPU.ActiveCfg = Release|Any CPU
		{6829D513-F5A2-4DD2-AF53-E83329B0EB3A}.Release|Any CPU.Build.0 = Release|Any CPU
		{FE594C8B-1903-4643-9447-6A52F44DB149}.Debug|Any CPU.ActiveCfg = Debug|Any CPU
		{FE594C8B-1903-4643-9447-6A52F44DB149}.Debug|Any CPU.Build.0 = Debug|Any CPU
		{FE594C8B-1903-4643-9447-6A52F44DB149}.Release|Any CPU.ActiveCfg = Release|Any CPU
		{FE594C8B-1903-4643-9447-6A52F44DB149}.Release|Any CPU.Build.0 = Release|Any CPU
		{09C322B5-CCD1-4574-8ADB-1B81FE597BBC}.Debug|Any CPU.ActiveCfg = Debug|Any CPU
		{09C322B5-CCD1-4574-8ADB-1B81FE597BBC}.Debug|Any CPU.Build.0 = Debug|Any CPU
		{09C322B5-CCD1-4574-8ADB-1B81FE597BBC}.Release|Any CPU.ActiveCfg = Release|Any CPU
		{09C322B5-CCD1-4574-8ADB-1B81FE597BBC}.Release|Any CPU.Build.0 = Release|Any CPU
	EndGlobalSection
	GlobalSection(SolutionProperties) = preSolution
		HideSolutionNode = FALSE
	EndGlobalSection
	GlobalSection(ExtensibilityGlobals) = postSolution
		SolutionGuid = {59B3585E-AEF2-4B50-B3CE-53F90BF8BCDD}
	EndGlobalSection
EndGlobal
